// !$*UTF8*$!
{
	archiveVersion = 1;
	classes = {
	};
	objectVersion = 50;
	objects = {

/* Begin PBXBuildFile section */
		E5175AEE2278DE6C00CD4068 /* AppDelegate.swift in Sources */ = {isa = PBXBuildFile; fileRef = E5175AED2278DE6C00CD4068 /* AppDelegate.swift */; };
		E5175AF02278DE6C00CD4068 /* ViewController.swift in Sources */ = {isa = PBXBuildFile; fileRef = E5175AEF2278DE6C00CD4068 /* ViewController.swift */; };
		E5175AF32278DE6C00CD4068 /* Main.storyboard in Resources */ = {isa = PBXBuildFile; fileRef = E5175AF12278DE6C00CD4068 /* Main.storyboard */; };
		E5175AF52278DE6D00CD4068 /* Assets.xcassets in Resources */ = {isa = PBXBuildFile; fileRef = E5175AF42278DE6D00CD4068 /* Assets.xcassets */; };
		E5175AF82278DE6D00CD4068 /* LaunchScreen.storyboard in Resources */ = {isa = PBXBuildFile; fileRef = E5175AF62278DE6D00CD4068 /* LaunchScreen.storyboard */; };
		E5D0FA85227A19E1004BA14F /* TweetSentimentClassifier.mlmodel in Sources */ = {isa = PBXBuildFile; fileRef = E5D0FA80227A19E1004BA14F /* TweetSentimentClassifier.mlmodel */; };
		E5D4702E22790B1B00DD95AC /* SwifteriOS.framework in Frameworks */ = {isa = PBXBuildFile; fileRef = E5D4702722790AE900DD95AC /* SwifteriOS.framework */; };
		E5D4702F22790B1B00DD95AC /* SwifteriOS.framework in Embed Frameworks */ = {isa = PBXBuildFile; fileRef = E5D4702722790AE900DD95AC /* SwifteriOS.framework */; settings = {ATTRIBUTES = (CodeSignOnCopy, RemoveHeadersOnCopy, ); }; };
		E5D4703422795C3800DD95AC /* Secret.plist in Resources */ = {isa = PBXBuildFile; fileRef = E5D4703322795C3800DD95AC /* Secret.plist */; };
/* End PBXBuildFile section */

/* Begin PBXContainerItemProxy section */
		E5D4702422790AE900DD95AC /* PBXContainerItemProxy */ = {
			isa = PBXContainerItemProxy;
			containerPortal = E5D4701C22790AE900DD95AC /* Swifter.xcodeproj */;
			proxyType = 2;
			remoteGlobalIDString = 8B300C1F1944AA1A00993175;
			remoteInfo = SwifterDemoiOS;
		};
		E5D4702622790AE900DD95AC /* PBXContainerItemProxy */ = {
			isa = PBXContainerItemProxy;
			containerPortal = E5D4701C22790AE900DD95AC /* Swifter.xcodeproj */;
			proxyType = 2;
			remoteGlobalIDString = 8B9F50EE1944A5AB00894629;
			remoteInfo = SwifteriOS;
		};
		E5D4702822790AE900DD95AC /* PBXContainerItemProxy */ = {
			isa = PBXContainerItemProxy;
			containerPortal = E5D4701C22790AE900DD95AC /* Swifter.xcodeproj */;
			proxyType = 2;
			remoteGlobalIDString = 8B9F51131944A61D00894629;
			remoteInfo = SwifterMac;
		};
		E5D4702A22790AE900DD95AC /* PBXContainerItemProxy */ = {
			isa = PBXContainerItemProxy;
			containerPortal = E5D4701C22790AE900DD95AC /* Swifter.xcodeproj */;
			proxyType = 2;
			remoteGlobalIDString = 8B300C471944AECB00993175;
			remoteInfo = SwifterDemoMac;
		};
		E5D4702C22790AE900DD95AC /* PBXContainerItemProxy */ = {
			isa = PBXContainerItemProxy;
			containerPortal = E5D4701C22790AE900DD95AC /* Swifter.xcodeproj */;
			proxyType = 2;
			remoteGlobalIDString = F6B4D5751C7BAC4500E06514;
			remoteInfo = SwifterTests;
		};
		E5D4703022790B1B00DD95AC /* PBXContainerItemProxy */ = {
			isa = PBXContainerItemProxy;
			containerPortal = E5D4701C22790AE900DD95AC /* Swifter.xcodeproj */;
			proxyType = 1;
			remoteGlobalIDString = 8B9F50ED1944A5AB00894629;
			remoteInfo = SwifteriOS;
		};
/* End PBXContainerItemProxy section */

/* Begin PBXCopyFilesBuildPhase section */
		E5D4703222790B1B00DD95AC /* Embed Frameworks */ = {
			isa = PBXCopyFilesBuildPhase;
			buildActionMask = 2147483647;
			dstPath = "";
			dstSubfolderSpec = 10;
			files = (
				E5D4702F22790B1B00DD95AC /* SwifteriOS.framework in Embed Frameworks */,
			);
			name = "Embed Frameworks";
			runOnlyForDeploymentPostprocessing = 0;
		};
/* End PBXCopyFilesBuildPhase section */

/* Begin PBXFileReference section */
		E5175AEA2278DE6C00CD4068 /* Twitter Sentiment.app */ = {isa = PBXFileReference; explicitFileType = wrapper.application; includeInIndex = 0; path = "Twitter Sentiment.app"; sourceTree = BUILT_PRODUCTS_DIR; };
		E5175AED2278DE6C00CD4068 /* AppDelegate.swift */ = {isa = PBXFileReference; lastKnownFileType = sourcecode.swift; path = AppDelegate.swift; sourceTree = "<group>"; };
		E5175AEF2278DE6C00CD4068 /* ViewController.swift */ = {isa = PBXFileReference; lastKnownFileType = sourcecode.swift; path = ViewController.swift; sourceTree = "<group>"; };
		E5175AF22278DE6C00CD4068 /* Base */ = {isa = PBXFileReference; lastKnownFileType = file.storyboard; name = Base; path = Base.lproj/Main.storyboard; sourceTree = "<group>"; };
		E5175AF42278DE6D00CD4068 /* Assets.xcassets */ = {isa = PBXFileReference; lastKnownFileType = folder.assetcatalog; path = Assets.xcassets; sourceTree = "<group>"; };
		E5175AF72278DE6D00CD4068 /* Base */ = {isa = PBXFileReference; lastKnownFileType = file.storyboard; name = Base; path = Base.lproj/LaunchScreen.storyboard; sourceTree = "<group>"; };
		E5175AF92278DE6D00CD4068 /* Info.plist */ = {isa = PBXFileReference; lastKnownFileType = text.plist.xml; path = Info.plist; sourceTree = "<group>"; };
		E5D0FA80227A19E1004BA14F /* TweetSentimentClassifier.mlmodel */ = {isa = PBXFileReference; lastKnownFileType = file.mlmodel; path = TweetSentimentClassifier.mlmodel; sourceTree = "<group>"; };
		E5D4701C22790AE900DD95AC /* Swifter.xcodeproj */ = {isa = PBXFileReference; lastKnownFileType = "wrapper.pb-project"; name = Swifter.xcodeproj; path = ../Swifter/Swifter.xcodeproj; sourceTree = "<group>"; };
		E5D4703322795C3800DD95AC /* Secret.plist */ = {isa = PBXFileReference; lastKnownFileType = text.plist.xml; path = Secret.plist; sourceTree = "<group>"; };
/* End PBXFileReference section */

/* Begin PBXFrameworksBuildPhase section */
		E5175AE72278DE6C00CD4068 /* Frameworks */ = {
			isa = PBXFrameworksBuildPhase;
			buildActionMask = 2147483647;
			files = (
				E5D4702E22790B1B00DD95AC /* SwifteriOS.framework in Frameworks */,
			);
			runOnlyForDeploymentPostprocessing = 0;
		};
/* End PBXFrameworksBuildPhase section */

/* Begin PBXGroup section */
		E5175AE12278DE6C00CD4068 = {
			isa = PBXGroup;
			children = (
				E5D4701C22790AE900DD95AC /* Swifter.xcodeproj */,
				E5175AEC2278DE6C00CD4068 /* Twitter Sentiment */,
				E5175AEB2278DE6C00CD4068 /* Products */,
			);
			sourceTree = "<group>";
		};
		E5175AEB2278DE6C00CD4068 /* Products */ = {
			isa = PBXGroup;
			children = (
				E5175AEA2278DE6C00CD4068 /* Twitter Sentiment.app */,
			);
			name = Products;
			sourceTree = "<group>";
		};
		E5175AEC2278DE6C00CD4068 /* Twitter Sentiment */ = {
			isa = PBXGroup;
			children = (
				E5175AED2278DE6C00CD4068 /* AppDelegate.swift */,
				E5175AEF2278DE6C00CD4068 /* ViewController.swift */,
				E5175AF12278DE6C00CD4068 /* Main.storyboard */,
				E5175AF42278DE6D00CD4068 /* Assets.xcassets */,
				E5175AF62278DE6D00CD4068 /* LaunchScreen.storyboard */,
				E5D4703322795C3800DD95AC /* Secret.plist */,
				E5175AF92278DE6D00CD4068 /* Info.plist */,
				E5D0FA80227A19E1004BA14F /* TweetSentimentClassifier.mlmodel */,
			);
			path = "Twitter Sentiment";
			sourceTree = "<group>";
		};
		E5D4701D22790AE900DD95AC /* Products */ = {
			isa = PBXGroup;
			children = (
				E5D4702522790AE900DD95AC /* SwifterDemoiOS.app */,
				E5D4702722790AE900DD95AC /* SwifteriOS.framework */,
				E5D4702922790AE900DD95AC /* SwifterMac.framework */,
				E5D4702B22790AE900DD95AC /* SwifterDemoMac.app */,
				E5D4702D22790AE900DD95AC /* SwifterTests.xctest */,
			);
			name = Products;
			sourceTree = "<group>";
		};
/* End PBXGroup section */

/* Begin PBXNativeTarget section */
		E5175AE92278DE6C00CD4068 /* Twitter Sentiment */ = {
			isa = PBXNativeTarget;
			buildConfigurationList = E5175AFC2278DE6D00CD4068 /* Build configuration list for PBXNativeTarget "Twitter Sentiment" */;
			buildPhases = (
				E5175AE62278DE6C00CD4068 /* Sources */,
				E5175AE72278DE6C00CD4068 /* Frameworks */,
				E5175AE82278DE6C00CD4068 /* Resources */,
				E5D4703222790B1B00DD95AC /* Embed Frameworks */,
			);
			buildRules = (
			);
			dependencies = (
				E5D4703122790B1B00DD95AC /* PBXTargetDependency */,
			);
			name = "Twitter Sentiment";
			productName = "Twitter Sentiment";
			productReference = E5175AEA2278DE6C00CD4068 /* Twitter Sentiment.app */;
			productType = "com.apple.product-type.application";
		};
/* End PBXNativeTarget section */

/* Begin PBXProject section */
		E5175AE22278DE6C00CD4068 /* Project object */ = {
			isa = PBXProject;
			attributes = {
				LastSwiftUpdateCheck = 1020;
				LastUpgradeCheck = 1020;
				ORGANIZATIONNAME = "Hiu Man Yeung";
				TargetAttributes = {
					E5175AE92278DE6C00CD4068 = {
						CreatedOnToolsVersion = 10.2.1;
					};
				};
			};
			buildConfigurationList = E5175AE52278DE6C00CD4068 /* Build configuration list for PBXProject "Twitter Sentiment" */;
			compatibilityVersion = "Xcode 9.3";
			developmentRegion = en;
			hasScannedForEncodings = 0;
			knownRegions = (
				en,
				Base,
			);
			mainGroup = E5175AE12278DE6C00CD4068;
			productRefGroup = E5175AEB2278DE6C00CD4068 /* Products */;
			projectDirPath = "";
			projectReferences = (
				{
					ProductGroup = E5D4701D22790AE900DD95AC /* Products */;
					ProjectRef = E5D4701C22790AE900DD95AC /* Swifter.xcodeproj */;
				},
			);
			projectRoot = "";
			targets = (
				E5175AE92278DE6C00CD4068 /* Twitter Sentiment */,
			);
		};
/* End PBXProject section */

/* Begin PBXReferenceProxy section */
		E5D4702522790AE900DD95AC /* SwifterDemoiOS.app */ = {
			isa = PBXReferenceProxy;
			fileType = wrapper.application;
			path = SwifterDemoiOS.app;
			remoteRef = E5D4702422790AE900DD95AC /* PBXContainerItemProxy */;
			sourceTree = BUILT_PRODUCTS_DIR;
		};
		E5D4702722790AE900DD95AC /* SwifteriOS.framework */ = {
			isa = PBXReferenceProxy;
			fileType = wrapper.framework;
			path = SwifteriOS.framework;
			remoteRef = E5D4702622790AE900DD95AC /* PBXContainerItemProxy */;
			sourceTree = BUILT_PRODUCTS_DIR;
		};
		E5D4702922790AE900DD95AC /* SwifterMac.framework */ = {
			isa = PBXReferenceProxy;
			fileType = wrapper.framework;
			path = SwifterMac.framework;
			remoteRef = E5D4702822790AE900DD95AC /* PBXContainerItemProxy */;
			sourceTree = BUILT_PRODUCTS_DIR;
		};
		E5D4702B22790AE900DD95AC /* SwifterDemoMac.app */ = {
			isa = PBXReferenceProxy;
			fileType = wrapper.application;
			path = SwifterDemoMac.app;
			remoteRef = E5D4702A22790AE900DD95AC /* PBXContainerItemProxy */;
			sourceTree = BUILT_PRODUCTS_DIR;
		};
		E5D4702D22790AE900DD95AC /* SwifterTests.xctest */ = {
			isa = PBXReferenceProxy;
			fileType = wrapper.cfbundle;
			path = SwifterTests.xctest;
			remoteRef = E5D4702C22790AE900DD95AC /* PBXContainerItemProxy */;
			sourceTree = BUILT_PRODUCTS_DIR;
		};
/* End PBXReferenceProxy section */

/* Begin PBXResourcesBuildPhase section */
		E5175AE82278DE6C00CD4068 /* Resources */ = {
			isa = PBXResourcesBuildPhase;
			buildActionMask = 2147483647;
			files = (
				E5D4703422795C3800DD95AC /* Secret.plist in Resources */,
				E5175AF82278DE6D00CD4068 /* LaunchScreen.storyboard in Resources */,
				E5175AF52278DE6D00CD4068 /* Assets.xcassets in Resources */,
				E5175AF32278DE6C00CD4068 /* Main.storyboard in Resources */,
			);
			runOnlyForDeploymentPostprocessing = 0;
		};
/* End PBXResourcesBuildPhase section */

/* Begin PBXSourcesBuildPhase section */
		E5175AE62278DE6C00CD4068 /* Sources */ = {
			isa = PBXSourcesBuildPhase;
			buildActionMask = 2147483647;
			files = (
				E5D0FA85227A19E1004BA14F /* TweetSentimentClassifier.mlmodel in Sources */,
				E5175AF02278DE6C00CD4068 /* ViewController.swift in Sources */,
				E5175AEE2278DE6C00CD4068 /* AppDelegate.swift in Sources */,
			);
			runOnlyForDeploymentPostprocessing = 0;
		};
/* End PBXSourcesBuildPhase section */

/* Begin PBXTargetDependency section */
		E5D4703122790B1B00DD95AC /* PBXTargetDependency */ = {
			isa = PBXTargetDependency;
			name = SwifteriOS;
			targetProxy = E5D4703022790B1B00DD95AC /* PBXContainerItemProxy */;
		};
/* End PBXTargetDependency section */

/* Begin PBXVariantGroup section */
		E5175AF12278DE6C00CD4068 /* Main.storyboard */ = {
			isa = PBXVariantGroup;
			children = (
				E5175AF22278DE6C00CD4068 /* Base */,
			);
			name = Main.storyboard;
			sourceTree = "<group>";
		};
		E5175AF62278DE6D00CD4068 /* LaunchScreen.storyboard */ = {
			isa = PBXVariantGroup;
			children = (
				E5175AF72278DE6D00CD4068 /* Base */,
			);
			name = LaunchScreen.storyboard;
			sourceTree = "<group>";
		};
/* End PBXVariantGroup section */

/* Begin XCBuildConfiguration section */
		E5175AFA2278DE6D00CD4068 /* Debug */ = {
			isa = XCBuildConfiguration;
			buildSettings = {
				ALWAYS_SEARCH_USER_PATHS = NO;
				CLANG_ANALYZER_NONNULL = YES;
				CLANG_ANALYZER_NUMBER_OBJECT_CONVERSION = YES_AGGRESSIVE;
				CLANG_CXX_LANGUAGE_STANDARD = "gnu++14";
				CLANG_CXX_LIBRARY = "libc++";
				CLANG_ENABLE_MODULES = YES;
				CLANG_ENABLE_OBJC_ARC = YES;
				CLANG_ENABLE_OBJC_WEAK = YES;
				CLANG_WARN_BLOCK_CAPTURE_AUTORELEASING = YES;
				CLANG_WARN_BOOL_CONVERSION = YES;
				CLANG_WARN_COMMA = YES;
				CLANG_WARN_CONSTANT_CONVERSION = YES;
				CLANG_WARN_DEPRECATED_OBJC_IMPLEMENTATIONS = YES;
				CLANG_WARN_DIRECT_OBJC_ISA_USAGE = YES_ERROR;
				CLANG_WARN_DOCUMENTATION_COMMENTS = YES;
				CLANG_WARN_EMPTY_BODY = YES;
				CLANG_WARN_ENUM_CONVERSION = YES;
				CLANG_WARN_INFINITE_RECURSION = YES;
				CLANG_WARN_INT_CONVERSION = YES;
				CLANG_WARN_NON_LITERAL_NULL_CONVERSION = YES;
				CLANG_WARN_OBJC_IMPLICIT_RETAIN_SELF = YES;
				CLANG_WARN_OBJC_LITERAL_CONVERSION = YES;
				CLANG_WARN_OBJC_ROOT_CLASS = YES_ERROR;
				CLANG_WARN_RANGE_LOOP_ANALYSIS = YES;
				CLANG_WARN_STRICT_PROTOTYPES = YES;
				CLANG_WARN_SUSPICIOUS_MOVE = YES;
				CLANG_WARN_UNGUARDED_AVAILABILITY = YES_AGGRESSIVE;
				CLANG_WARN_UNREACHABLE_CODE = YES;
				CLANG_WARN__DUPLICATE_METHOD_MATCH = YES;
				CODE_SIGN_IDENTITY = "iPhone Developer";
				COPY_PHASE_STRIP = NO;
				DEBUG_INFORMATION_FORMAT = dwarf;
				ENABLE_STRICT_OBJC_MSGSEND = YES;
				ENABLE_TESTABILITY = YES;
				GCC_C_LANGUAGE_STANDARD = gnu11;
				GCC_DYNAMIC_NO_PIC = NO;
				GCC_NO_COMMON_BLOCKS = YES;
				GCC_OPTIMIZATION_LEVEL = 0;
				GCC_PREPROCESSOR_DEFINITIONS = (
					"DEBUG=1",
					"$(inherited)",
				);
				GCC_WARN_64_TO_32_BIT_CONVERSION = YES;
				GCC_WARN_ABOUT_RETURN_TYPE = YES_ERROR;
				GCC_WARN_UNDECLARED_SELECTOR = YES;
				GCC_WARN_UNINITIALIZED_AUTOS = YES_AGGRESSIVE;
				GCC_WARN_UNUSED_FUNCTION = YES;
				GCC_WARN_UNUSED_VARIABLE = YES;
				IPHONEOS_DEPLOYMENT_TARGET = 12.2;
				MTL_ENABLE_DEBUG_INFO = INCLUDE_SOURCE;
				MTL_FAST_MATH = YES;
				ONLY_ACTIVE_ARCH = YES;
				SDKROOT = iphoneos;
				SWIFT_ACTIVE_COMPILATION_CONDITIONS = DEBUG;
				SWIFT_OPTIMIZATION_LEVEL = "-Onone";
			};
			name = Debug;
		};
		E5175AFB2278DE6D00CD4068 /* Release */ = {
			isa = XCBuildConfiguration;
			buildSettings = {
				ALWAYS_SEARCH_USER_PATHS = NO;
				CLANG_ANALYZER_NONNULL = YES;
				CLANG_ANALYZER_NUMBER_OBJECT_CONVERSION = YES_AGGRESSIVE;
				CLANG_CXX_LANGUAGE_STANDARD = "gnu++14";
				CLANG_CXX_LIBRARY = "libc++";
				CLANG_ENABLE_MODULES = YES;
				CLANG_ENABLE_OBJC_ARC = YES;
				CLANG_ENABLE_OBJC_WEAK = YES;
				CLANG_WARN_BLOCK_CAPTURE_AUTORELEASING = YES;
				CLANG_WARN_BOOL_CONVERSION = YES;
				CLANG_WARN_COMMA = YES;
				CLANG_WARN_CONSTANT_CONVERSION = YES;
				CLANG_WARN_DEPRECATED_OBJC_IMPLEMENTATIONS = YES;
				CLANG_WARN_DIRECT_OBJC_ISA_USAGE = YES_ERROR;
				CLANG_WARN_DOCUMENTATION_COMMENTS = YES;
				CLANG_WARN_EMPTY_BODY = YES;
				CLANG_WARN_ENUM_CONVERSION = YES;
				CLANG_WARN_INFINITE_RECURSION = YES;
				CLANG_WARN_INT_CONVERSION = YES;
				CLANG_WARN_NON_LITERAL_NULL_CONVERSION = YES;
				CLANG_WARN_OBJC_IMPLICIT_RETAIN_SELF = YES;
				CLANG_WARN_OBJC_LITERAL_CONVERSION = YES;
				CLANG_WARN_OBJC_ROOT_CLASS = YES_ERROR;
				CLANG_WARN_RANGE_LOOP_ANALYSIS = YES;
				CLANG_WARN_STRICT_PROTOTYPES = YES;
				CLANG_WARN_SUSPICIOUS_MOVE = YES;
				CLANG_WARN_UNGUARDED_AVAILABILITY = YES_AGGRESSIVE;
				CLANG_WARN_UNREACHABLE_CODE = YES;
				CLANG_WARN__DUPLICATE_METHOD_MATCH = YES;
				CODE_SIGN_IDENTITY = "iPhone Developer";
				COPY_PHASE_STRIP = NO;
				DEBUG_INFORMATION_FORMAT = "dwarf-with-dsym";
				ENABLE_NS_ASSERTIONS = NO;
				ENABLE_STRICT_OBJC_MSGSEND = YES;
				GCC_C_LANGUAGE_STANDARD = gnu11;
				GCC_NO_COMMON_BLOCKS = YES;
				GCC_WARN_64_TO_32_BIT_CONVERSION = YES;
				GCC_WARN_ABOUT_RETURN_TYPE = YES_ERROR;
				GCC_WARN_UNDECLARED_SELECTOR = YES;
				GCC_WARN_UNINITIALIZED_AUTOS = YES_AGGRESSIVE;
				GCC_WARN_UNUSED_FUNCTION = YES;
				GCC_WARN_UNUSED_VARIABLE = YES;
				IPHONEOS_DEPLOYMENT_TARGET = 12.2;
				MTL_ENABLE_DEBUG_INFO = NO;
				MTL_FAST_MATH = YES;
				SDKROOT = iphoneos;
				SWIFT_COMPILATION_MODE = wholemodule;
				SWIFT_OPTIMIZATION_LEVEL = "-O";
				VALIDATE_PRODUCT = YES;
			};
			name = Release;
		};
		E5175AFD2278DE6D00CD4068 /* Debug */ = {
			isa = XCBuildConfiguration;
			buildSettings = {
				ALWAYS_EMBED_SWIFT_STANDARD_LIBRARIES = YES;
				ASSETCATALOG_COMPILER_APPICON_NAME = AppIcon;
				CODE_SIGN_STYLE = Automatic;
				INFOPLIST_FILE = "Twitter Sentiment/Info.plist";
				LD_RUNPATH_SEARCH_PATHS = (
					"$(inherited)",
					"@executable_path/Frameworks",
				);
				PRODUCT_BUNDLE_IDENTIFIER = "com.hopper723.Twitter-Sentiment";
				PRODUCT_NAME = "$(TARGET_NAME)";
				SWIFT_VERSION = 5.0;
				TARGETED_DEVICE_FAMILY = "1,2";
			};
			name = Debug;
		};
		E5175AFE2278DE6D00CD4068 /* Release */ = {
			isa = XCBuildConfiguration;
			buildSettings = {
				ALWAYS_EMBED_SWIFT_STANDARD_LIBRARIES = YES;
				ASSETCATALOG_COMPILER_APPICON_NAME = AppIcon;
				CODE_SIGN_STYLE = Automatic;
				INFOPLIST_FILE = "Twitter Sentiment/Info.plist";
				LD_RUNPATH_SEARCH_PATHS = (
					"$(inherited)",
					"@executable_path/Frameworks",
				);
				PRODUCT_BUNDLE_IDENTIFIER = "com.hopper723.Twitter-Sentiment";
				PRODUCT_NAME = "$(TARGET_NAME)";
				SWIFT_VERSION = 5.0;
				TARGETED_DEVICE_FAMILY = "1,2";
			};
			name = Release;
		};
/* End XCBuildConfiguration section */

/* Begin XCConfigurationList section */
		E5175AE52278DE6C00CD4068 /* Build configuration list for PBXProject "Twitter Sentiment" */ = {
			isa = XCConfigurationList;
			buildConfigurations = (
				E5175AFA2278DE6D00CD4068 /* Debug */,
				E5175AFB2278DE6D00CD4068 /* Release */,
			);
			defaultConfigurationIsVisible = 0;
			defaultConfigurationName = Release;
		};
		E5175AFC2278DE6D00CD4068 /* Build configuration list for PBXNativeTarget "Twitter Sentiment" */ = {
			isa = XCConfigurationList;
			buildConfigurations = (
				E5175AFD2278DE6D00CD4068 /* Debug */,
				E5175AFE2278DE6D00CD4068 /* Release */,
			);
			defaultConfigurationIsVisible = 0;
			defaultConfigurationName = Release;
		};
/* End XCConfigurationList section */
	};
	rootObject = E5175AE22278DE6C00CD4068 /* Project object */;
}
